
Microsoft Visual Studio Solution File, Format Version 12.00
# Visual Studio Version 17
VisualStudioVersion = 17.8.34309.116
MinimumVisualStudioVersion = 10.0.40219.1
Project("{FAE04EC0-301F-11D3-BF4B-00C04F79EFBC}") = "PostMessage_debug", "PostMessage_debug.csproj", "{8648D575-6C78-4467-9019-EBA9EC781CD8}"
EndProject
Global
	GlobalSection(SolutionConfigurationPlatforms) = preSolution
		Debug|Any CPU = Debug|Any CPU
		Release|Any CPU = Release|Any CPU
	EndGlobalSection
	GlobalSection(ProjectConfigurationPlatforms) = postSolution
		{8648D575-6C78-4467-9019-EBA9EC781CD8}.Debug|Any CPU.ActiveCfg = Debug|Any CPU
		{8648D575-6C78-4467-9019-EBA9EC781CD8}.Debug|Any CPU.Build.0 = Debug|Any CPU
		{8648D575-6C78-4467-9019-EBA9EC781CD8}.Release|Any CPU.ActiveCfg = Release|Any CPU
		{8648D575-6C78-4467-9019-EBA9EC781CD8}.Release|Any CPU.Build.0 = Release|Any CPU
	EndGlobalSection
	GlobalSection(SolutionProperties) = preSolution
		HideSolutionNode = FALSE
	EndGlobalSection
	GlobalSection(ExtensibilityGlobals) = postSolution
		SolutionGuid = {F5DB0820-25F4-413B-9F52-7D2233C28BC5}
	EndGlobalSection
EndGlobal
